
Microsoft Visual Studio Solution File, Format Version 12.00
# Visual Studio Version 17
VisualStudioVersion = 17.14.37531.7 d17.14
MinimumVisualStudioVersion = 10.0.40219.1
Project("{FAE04EC0-301F-11D3-BF4B-00C04F79EFBC}") = "Excercise 1", "Excercise 1\Excercise 1.csproj", "{BF0CC9A5-05FA-4870-BE1C-0414B2A59FFE}"
EndProject
Global
	GlobalSection(SolutionConfigurationPlatforms) = preSolution
		Debug|Any CPU = Debug|Any CPU
		Release|Any CPU = Release|Any CPU
	EndGlobalSection
	GlobalSection(ProjectConfigurationPlatforms) = postSolution
		{BF0CC9A5-05FA-4870-BE1C-0414B2A59FFE}.Debug|Any CPU.ActiveCfg = Debug|Any CPU
		{BF0CC9A5-05FA-4870-BE1C-0414B2A59FFE}.Debug|Any CPU.Build.0 = Debug|Any CPU
		{BF0CC9A5-05FA-4870-BE1C-0414B2A59FFE}.Release|Any CPU.ActiveCfg = Release|Any CPU
		{BF0CC9A5-05FA-4870-BE1C-0414B2A59FFE}.Release|Any CPU.Build.0 = Release|Any CPU
	EndGlobalSection
	GlobalSection(SolutionProperties) = preSolution
		HideSolutionNode = FALSE
	EndGlobalSection
	GlobalSection(ExtensibilityGlobals) = postSolution
		SolutionGuid = {2FA3F507-A77C-46D0-BBC1-DAD14D65793D}
	EndGlobalSection
EndGlobal
